
Microsoft Visual Studio Solution File, Format Version 12.00
# Visual Studio Version 16
VisualStudioVersion = 16.0.33927.289
MinimumVisualStudioVersion = 10.0.40219.1
Project("{FAE04EC0-301F-11D3-BF4B-00C04F79EFBC}") = "FootballLeague", "FootballLeague\FootballLeague.csproj", "{4E265FFC-CFE1-4315-A551-F6F858BDF187}"
EndProject
Global
	GlobalSection(SolutionConfigurationPlatforms) = preSolution
		Debug|Any CPU = Debug|Any CPU
		Release|Any CPU = Release|Any CPU
	EndGlobalSection
	GlobalSection(ProjectConfigurationPlatforms) = postSolution
		{4E265FFC-CFE1-4315-A551-F6F858BDF187}.Debug|Any CPU.ActiveCfg = Debug|Any CPU
		{4E265FFC-CFE1-4315-A551-F6F858BDF187}.Debug|Any CPU.Build.0 = Debug|Any CPU
		{4E265FFC-CFE1-4315-A551-F6F858BDF187}.Release|Any CPU.ActiveCfg = Release|Any CPU
		{4E265FFC-CFE1-4315-A551-F6F858BDF187}.Release|Any CPU.Build.0 = Release|Any CPU
	EndGlobalSection
	GlobalSection(SolutionProperties) = preSolution
		HideSolutionNode = FALSE
	EndGlobalSection
	GlobalSection(ExtensibilityGlobals) = postSolution
		SolutionGuid = {C884441B-CEC6-425B-8CC5-0996C9E93886}
	EndGlobalSection
EndGlobal
